// !$*UTF8*$!
{
	archiveVersion = 1;
	classes = {
	};
	objectVersion = 46;
	objects = {

/* Begin PBXBuildFile section */
		F52F77431D22F9F6009B45B4 /* AppDelegate.swift in Sources */ = {isa = PBXBuildFile; fileRef = F52F77421D22F9F6009B45B4 /* AppDelegate.swift */; };
		F52F77451D22F9F6009B45B4 /* ViewController.swift in Sources */ = {isa = PBXBuildFile; fileRef = F52F77441D22F9F6009B45B4 /* ViewController.swift */; };
		F52F77481D22F9F6009B45B4 /* Main.storyboard in Resources */ = {isa = PBXBuildFile; fileRef = F52F77461D22F9F6009B45B4 /* Main.storyboard */; };
		F52F774A1D22F9F6009B45B4 /* Assets.xcassets in Resources */ = {isa = PBXBuildFile; fileRef = F52F77491D22F9F6009B45B4 /* Assets.xcassets */; };
		F52F774D1D22F9F6009B45B4 /* LaunchScreen.storyboard in Resources */ = {isa = PBXBuildFile; fileRef = F52F774B1D22F9F6009B45B4 /* LaunchScreen.storyboard */; };
		F52F77581D22F9F6009B45B4 /* Retro_calculatorTests.swift in Sources */ = {isa = PBXBuildFile; fileRef = F52F77571D22F9F6009B45B4 /* Retro_calculatorTests.swift */; };
		F52F77631D22F9F6009B45B4 /* Retro_calculatorUITests.swift in Sources */ = {isa = PBXBuildFile; fileRef = F52F77621D22F9F6009B45B4 /* Retro_calculatorUITests.swift */; };
		F52F77711D23325B009B45B4 /* Minecraft.ttf in Resources */ = {isa = PBXBuildFile; fileRef = F52F77701D23325B009B45B4 /* Minecraft.ttf */; };
		F52F77731D234D0D009B45B4 /* btn.wav in Resources */ = {isa = PBXBuildFile; fileRef = F52F77721D234D0D009B45B4 /* btn.wav */; };
/* End PBXBuildFile section */

/* Begin PBXContainerItemProxy section */
		F52F77541D22F9F6009B45B4 /* PBXContainerItemProxy */ = {
			isa = PBXContainerItemProxy;
			containerPortal = F52F77371D22F9F6009B45B4 /* Project object */;
			proxyType = 1;
			remoteGlobalIDString = F52F773E1D22F9F6009B45B4;
			remoteInfo = "Retro calculator";
		};
		F52F775F1D22F9F6009B45B4 /* PBXContainerItemProxy */ = {
			isa = PBXContainerItemProxy;
			containerPortal = F52F77371D22F9F6009B45B4 /* Project object */;
			proxyType = 1;
			remoteGlobalIDString = F52F773E1D22F9F6009B45B4;
			remoteInfo = "Retro calculator";
		};
/* End PBXContainerItemProxy section */

/* Begin PBXFileReference section */
		F52F773F1D22F9F6009B45B4 /* Retro calculator.app */ = {isa = PBXFileReference; explicitFileType = wrapper.application; includeInIndex = 0; path = "Retro calculator.app"; sourceTree = BUILT_PRODUCTS_DIR; };
		F52F77421D22F9F6009B45B4 /* AppDelegate.swift */ = {isa = PBXFileReference; lastKnownFileType = sourcecode.swift; path = AppDelegate.swift; sourceTree = "<group>"; };
		F52F77441D22F9F6009B45B4 /* ViewController.swift */ = {isa = PBXFileReference; lastKnownFileType = sourcecode.swift; path = ViewController.swift; sourceTree = "<group>"; };
		F52F77471D22F9F6009B45B4 /* Base */ = {isa = PBXFileReference; lastKnownFileType = file.storyboard; name = Base; path = Base.lproj/Main.storyboard; sourceTree = "<group>"; };
		F52F77491D22F9F6009B45B4 /* Assets.xcassets */ = {isa = PBXFileReference; lastKnownFileType = folder.assetcatalog; path = Assets.xcassets; sourceTree = "<group>"; };
		F52F774C1D22F9F6009B45B4 /* Base */ = {isa = PBXFileReference; lastKnownFileType = file.storyboard; name = Base; path = Base.lproj/LaunchScreen.storyboard; sourceTree = "<group>"; };
		F52F774E1D22F9F6009B45B4 /* Info.plist */ = {isa = PBXFileReference; lastKnownFileType = text.plist.xml; path = Info.plist; sourceTree = "<group>"; };
		F52F77531D22F9F6009B45B4 /* Retro calculatorTests.xctest */ = {isa = PBXFileReference; explicitFileType = wrapper.cfbundle; includeInIndex = 0; path = "Retro calculatorTests.xctest"; sourceTree = BUILT_PRODUCTS_DIR; };
		F52F77571D22F9F6009B45B4 /* Retro_calculatorTests.swift */ = {isa = PBXFileReference; lastKnownFileType = sourcecode.swift; path = Retro_calculatorTests.swift; sourceTree = "<group>"; };
		F52F77591D22F9F6009B45B4 /* Info.plist */ = {isa = PBXFileReference; lastKnownFileType = text.plist.xml; path = Info.plist; sourceTree = "<group>"; };
		F52F775E1D22F9F6009B45B4 /* Retro calculatorUITests.xctest */ = {isa = PBXFileReference; explicitFileType = wrapper.cfbundle; includeInIndex = 0; path = "Retro calculatorUITests.xctest"; sourceTree = BUILT_PRODUCTS_DIR; };
		F52F77621D22F9F6009B45B4 /* Retro_calculatorUITests.swift */ = {isa = PBXFileReference; lastKnownFileType = sourcecode.swift; path = Retro_calculatorUITests.swift; sourceTree = "<group>"; };
		F52F77641D22F9F6009B45B4 /* Info.plist */ = {isa = PBXFileReference; lastKnownFileType = text.plist.xml; path = Info.plist; sourceTree = "<group>"; };
		F52F77701D23325B009B45B4 /* Minecraft.ttf */ = {isa = PBXFileReference; lastKnownFileType = file; path = Minecraft.ttf; sourceTree = "<group>"; };
		F52F77721D234D0D009B45B4 /* btn.wav */ = {isa = PBXFileReference; lastKnownFileType = audio.wav; path = btn.wav; sourceTree = "<group>"; };
/* End PBXFileReference section */

/* Begin PBXFrameworksBuildPhase section */
		F52F773C1D22F9F6009B45B4 /* Frameworks */ = {
			isa = PBXFrameworksBuildPhase;
			buildActionMask = 2147483647;
			files = (
			);
			runOnlyForDeploymentPostprocessing = 0;
		};
		F52F77501D22F9F6009B45B4 /* Frameworks */ = {
			isa = PBXFrameworksBuildPhase;
			buildActionMask = 2147483647;
			files = (
			);
			runOnlyForDeploymentPostprocessing = 0;
		};
		F52F775B1D22F9F6009B45B4 /* Frameworks */ = {
			isa = PBXFrameworksBuildPhase;
			buildActionMask = 2147483647;
			files = (
			);
			runOnlyForDeploymentPostprocessing = 0;
		};
/* End PBXFrameworksBuildPhase section */

/* Begin PBXGroup section */
		F52F77361D22F9F6009B45B4 = {
			isa = PBXGroup;
			children = (
				F52F77411D22F9F6009B45B4 /* Retro calculator */,
				F52F77561D22F9F6009B45B4 /* Retro calculatorTests */,
				F52F77611D22F9F6009B45B4 /* Retro calculatorUITests */,
				F52F77401D22F9F6009B45B4 /* Products */,
			);
			sourceTree = "<group>";
		};
		F52F77401D22F9F6009B45B4 /* Products */ = {
			isa = PBXGroup;
			children = (
				F52F773F1D22F9F6009B45B4 /* Retro calculator.app */,
				F52F77531D22F9F6009B45B4 /* Retro calculatorTests.xctest */,
				F52F775E1D22F9F6009B45B4 /* Retro calculatorUITests.xctest */,
			);
			name = Products;
			sourceTree = "<group>";
		};
		F52F77411D22F9F6009B45B4 /* Retro calculator */ = {
			isa = PBXGroup;
			children = (
				F52F77421D22F9F6009B45B4 /* AppDelegate.swift */,
				F52F77441D22F9F6009B45B4 /* ViewController.swift */,
				F52F77461D22F9F6009B45B4 /* Main.storyboard */,
				F52F77491D22F9F6009B45B4 /* Assets.xcassets */,
				F52F774B1D22F9F6009B45B4 /* LaunchScreen.storyboard */,
				F52F77721D234D0D009B45B4 /* btn.wav */,
				F52F77701D23325B009B45B4 /* Minecraft.ttf */,
				F52F774E1D22F9F6009B45B4 /* Info.plist */,
			);
			path = "Retro calculator";
			sourceTree = "<group>";
		};
		F52F77561D22F9F6009B45B4 /* Retro calculatorTests */ = {
			isa = PBXGroup;
			children = (
				F52F77571D22F9F6009B45B4 /* Retro_calculatorTests.swift */,
				F52F77591D22F9F6009B45B4 /* Info.plist */,
			);
			path = "Retro calculatorTests";
			sourceTree = "<group>";
		};
		F52F77611D22F9F6009B45B4 /* Retro calculatorUITests */ = {
			isa = PBXGroup;
			children = (
				F52F77621D22F9F6009B45B4 /* Retro_calculatorUITests.swift */,
				F52F77641D22F9F6009B45B4 /* Info.plist */,
			);
			path = "Retro calculatorUITests";
			sourceTree = "<group>";
		};
/* End PBXGroup section */

/* Begin PBXNativeTarget section */
		F52F773E1D22F9F6009B45B4 /* Retro calculator */ = {
			isa = PBXNativeTarget;
			buildConfigurationList = F52F77671D22F9F6009B45B4 /* Build configuration list for PBXNativeTarget "Retro calculator" */;
			buildPhases = (
				F52F773B1D22F9F6009B45B4 /* Sources */,
				F52F773C1D22F9F6009B45B4 /* Frameworks */,
				F52F773D1D22F9F6009B45B4 /* Resources */,
			);
			buildRules = (
			);
			dependencies = (
			);
			name = "Retro calculator";
			productName = "Retro calculator";
			productReference = F52F773F1D22F9F6009B45B4 /* Retro calculator.app */;
			productType = "com.apple.product-type.application";
		};
		F52F77521D22F9F6009B45B4 /* Retro calculatorTests */ = {
			isa = PBXNativeTarget;
			buildConfigurationList = F52F776A1D22F9F6009B45B4 /* Build configuration list for PBXNativeTarget "Retro calculatorTests" */;
			buildPhases = (
				F52F774F1D22F9F6009B45B4 /* Sources */,
				F52F77501D22F9F6009B45B4 /* Frameworks */,
				F52F77511D22F9F6009B45B4 /* Resources */,
			);
			buildRules = (
			);
			dependencies = (
				F52F77551D22F9F6009B45B4 /* PBXTargetDependency */,
			);
			name = "Retro calculatorTests";
			productName = "Retro calculatorTests";
			productReference = F52F77531D22F9F6009B45B4 /* Retro calculatorTests.xctest */;
			productType = "com.apple.product-type.bundle.unit-test";
		};
		F52F775D1D22F9F6009B45B4 /* Retro calculatorUITests */ = {
			isa = PBXNativeTarget;
			buildConfigurationList = F52F776D1D22F9F6009B45B4 /* Build configuration list for PBXNativeTarget "Retro calculatorUITests" */;
			buildPhases = (
				F52F775A1D22F9F6009B45B4 /* Sources */,
				F52F775B1D22F9F6009B45B4 /* Frameworks */,
				F52F775C1D22F9F6009B45B4 /* Resources */,
			);
			buildRules = (
			);
			dependencies = (
				F52F77601D22F9F6009B45B4 /* PBXTargetDependency */,
			);
			name = "Retro calculatorUITests";
			productName = "Retro calculatorUITests";
			productReference = F52F775E1D22F9F6009B45B4 /* Retro calculatorUITests.xctest */;
			productType = "com.apple.product-type.bundle.ui-testing";
		};
/* End PBXNativeTarget section */

/* Begin PBXProject section */
		F52F77371D22F9F6009B45B4 /* Project object */ = {
			isa = PBXProject;
			attributes = {
				LastSwiftUpdateCheck = 0730;
				LastUpgradeCheck = 0730;
				ORGANIZATIONNAME = "Saketh D";
				TargetAttributes = {
					F52F773E1D22F9F6009B45B4 = {
						CreatedOnToolsVersion = 7.3.1;
					};
					F52F77521D22F9F6009B45B4 = {
						CreatedOnToolsVersion = 7.3.1;
						TestTargetID = F52F773E1D22F9F6009B45B4;
					};
					F52F775D1D22F9F6009B45B4 = {
						CreatedOnToolsVersion = 7.3.1;
						TestTargetID = F52F773E1D22F9F6009B45B4;
					};
				};
			};
			buildConfigurationList = F52F773A1D22F9F6009B45B4 /* Build configuration list for PBXProject "Retro calculator" */;
			compatibilityVersion = "Xcode 3.2";
			developmentRegion = English;
			hasScannedForEncodings = 0;
			knownRegions = (
				en,
				Base,
			);
			mainGroup = F52F77361D22F9F6009B45B4;
			productRefGroup = F52F77401D22F9F6009B45B4 /* Products */;
			projectDirPath = "";
			projectRoot = "";
			targets = (
				F52F773E1D22F9F6009B45B4 /* Retro calculator */,
				F52F77521D22F9F6009B45B4 /* Retro calculatorTests */,
				F52F775D1D22F9F6009B45B4 /* Retro calculatorUITests */,
			);
		};
/* End PBXProject section */

/* Begin PBXResourcesBuildPhase section */
		F52F773D1D22F9F6009B45B4 /* Resources */ = {
			isa = PBXResourcesBuildPhase;
			buildActionMask = 2147483647;
			files = (
				F52F77731D234D0D009B45B4 /* btn.wav in Resources */,
				F52F774D1D22F9F6009B45B4 /* LaunchScreen.storyboard in Resources */,
				F52F774A1D22F9F6009B45B4 /* Assets.xcassets in Resources */,
				F52F77711D23325B009B45B4 /* Minecraft.ttf in Resources */,
				F52F77481D22F9F6009B45B4 /* Main.storyboard in Resources */,
			);
			runOnlyForDeploymentPostprocessing = 0;
		};
		F52F77511D22F9F6009B45B4 /* Resources */ = {
			isa = PBXResourcesBuildPhase;
			buildActionMask = 2147483647;
			files = (
			);
			runOnlyForDeploymentPostprocessing = 0;
		};
		F52F775C1D22F9F6009B45B4 /* Resources */ = {
			isa = PBXResourcesBuildPhase;
			buildActionMask = 2147483647;
			files = (
			);
			runOnlyForDeploymentPostprocessing = 0;
		};
/* End PBXResourcesBuildPhase section */

/* Begin PBXSourcesBuildPhase section */
		F52F773B1D22F9F6009B45B4 /* Sources */ = {
			isa = PBXSourcesBuildPhase;
			buildActionMask = 2147483647;
			files = (
				F52F77451D22F9F6009B45B4 /* ViewController.swift in Sources */,
				F52F77431D22F9F6009B45B4 /* AppDelegate.swift in Sources */,
			);
			runOnlyForDeploymentPostprocessing = 0;
		};
		F52F774F1D22F9F6009B45B4 /* Sources */ = {
			isa = PBXSourcesBuildPhase;
			buildActionMask = 2147483647;
			files = (
				F52F77581D22F9F6009B45B4 /* Retro_calculatorTests.swift in Sources */,
			);
			runOnlyForDeploymentPostprocessing = 0;
		};
		F52F775A1D22F9F6009B45B4 /* Sources */ = {
			isa = PBXSourcesBuildPhase;
			buildActionMask = 2147483647;
			files = (
				F52F77631D22F9F6009B45B4 /* Retro_calculatorUITests.swift in Sources */,
			);
			runOnlyForDeploymentPostprocessing = 0;
		};
/* End PBXSourcesBuildPhase section */

/* Begin PBXTargetDependency section */
		F52F77551D22F9F6009B45B4 /* PBXTargetDependency */ = {
			isa = PBXTargetDependency;
			target = F52F773E1D22F9F6009B45B4 /* Retro calculator */;
			targetProxy = F52F77541D22F9F6009B45B4 /* PBXContainerItemProxy */;
		};
		F52F77601D22F9F6009B45B4 /* PBXTargetDependency */ = {
			isa = PBXTargetDependency;
			target = F52F773E1D22F9F6009B45B4 /* Retro calculator */;
			targetProxy = F52F775F1D22F9F6009B45B4 /* PBXContainerItemProxy */;
		};
/* End PBXTargetDependency section */

/* Begin PBXVariantGroup section */
		F52F77461D22F9F6009B45B4 /* Main.storyboard */ = {
			isa = PBXVariantGroup;
			children = (
				F52F77471D22F9F6009B45B4 /* Base */,
			);
			name = Main.storyboard;
			sourceTree = "<group>";
		};
		F52F774B1D22F9F6009B45B4 /* LaunchScreen.storyboard */ = {
			isa = PBXVariantGroup;
			children = (
				F52F774C1D22F9F6009B45B4 /* Base */,
			);
			name = LaunchScreen.storyboard;
			sourceTree = "<group>";
		};
/* End PBXVariantGroup section */

/* Begin XCBuildConfiguration section */
		F52F77651D22F9F6009B45B4 /* Debug */ = {
			isa = XCBuildConfiguration;
			buildSettings = {
				ALWAYS_SEARCH_USER_PATHS = NO;
				CLANG_ANALYZER_NONNULL = YES;
				CLANG_CXX_LANGUAGE_STANDARD = "gnu++0x";
				CLANG_CXX_LIBRARY = "libc++";
				CLANG_ENABLE_MODULES = YES;
				CLANG_ENABLE_OBJC_ARC = YES;
				CLANG_WARN_BOOL_CONVERSION = YES;
				CLANG_WARN_CONSTANT_CONVERSION = YES;
				CLANG_WARN_DIRECT_OBJC_ISA_USAGE = YES_ERROR;
				CLANG_WARN_EMPTY_BODY = YES;
				CLANG_WARN_ENUM_CONVERSION = YES;
				CLANG_WARN_INT_CONVERSION = YES;
				CLANG_WARN_OBJC_ROOT_CLASS = YES_ERROR;
				CLANG_WARN_UNREACHABLE_CODE = YES;
				CLANG_WARN__DUPLICATE_METHOD_MATCH = YES;
				"CODE_SIGN_IDENTITY[sdk=iphoneos*]" = "iPhone Developer";
				COPY_PHASE_STRIP = NO;
				DEBUG_INFORMATION_FORMAT = dwarf;
				ENABLE_STRICT_OBJC_MSGSEND = YES;
				ENABLE_TESTABILITY = YES;
				GCC_C_LANGUAGE_STANDARD = gnu99;
				GCC_DYNAMIC_NO_PIC = NO;
				GCC_NO_COMMON_BLOCKS = YES;
				GCC_OPTIMIZATION_LEVEL = 0;
				GCC_PREPROCESSOR_DEFINITIONS = (
					"DEBUG=1",
					"$(inherited)",
				);
				GCC_WARN_64_TO_32_BIT_CONVERSION = YES;
				GCC_WARN_ABOUT_RETURN_TYPE = YES_ERROR;
				GCC_WARN_UNDECLARED_SELECTOR = YES;
				GCC_WARN_UNINITIALIZED_AUTOS = YES_AGGRESSIVE;
				GCC_WARN_UNUSED_FUNCTION = YES;
				GCC_WARN_UNUSED_VARIABLE = YES;
				IPHONEOS_DEPLOYMENT_TARGET = 9.3;
				MTL_ENABLE_DEBUG_INFO = YES;
				ONLY_ACTIVE_ARCH = YES;
				SDKROOT = iphoneos;
				SWIFT_OPTIMIZATION_LEVEL = "-Onone";
			};
			name = Debug;
		};
		F52F77661D22F9F6009B45B4 /* Release */ = {
			isa = XCBuildConfiguration;
			buildSettings = {
				ALWAYS_SEARCH_USER_PATHS = NO;
				CLANG_ANALYZER_NONNULL = YES;
				CLANG_CXX_LANGUAGE_STANDARD = "gnu++0x";
				CLANG_CXX_LIBRARY = "libc++";
				CLANG_ENABLE_MODULES = YES;
				CLANG_ENABLE_OBJC_ARC = YES;
				CLANG_WARN_BOOL_CONVERSION = YES;
				CLANG_WARN_CONSTANT_CONVERSION = YES;
				CLANG_WARN_DIRECT_OBJC_ISA_USAGE = YES_ERROR;
				CLANG_WARN_EMPTY_BODY = YES;
				CLANG_WARN_ENUM_CONVERSION = YES;
				CLANG_WARN_INT_CONVERSION = YES;
				CLANG_WARN_OBJC_ROOT_CLASS = YES_ERROR;
				CLANG_WARN_UNREACHABLE_CODE = YES;
				CLANG_WARN__DUPLICATE_METHOD_MATCH = YES;
				"CODE_SIGN_IDENTITY[sdk=iphoneos*]" = "iPhone Developer";
				COPY_PHASE_STRIP = NO;
				DEBUG_INFORMATION_FORMAT = "dwarf-with-dsym";
				ENABLE_NS_ASSERTIONS = NO;
				ENABLE_STRICT_OBJC_MSGSEND = YES;
				GCC_C_LANGUAGE_STANDARD = gnu99;
				GCC_NO_COMMON_BLOCKS = YES;
				GCC_WARN_64_TO_32_BIT_CONVERSION = YES;
				GCC_WARN_ABOUT_RETURN_TYPE = YES_ERROR;
				GCC_WARN_UNDECLARED_SELECTOR = YES;
				GCC_WARN_UNINITIALIZED_AUTOS = YES_AGGRESSIVE;
				GCC_WARN_UNUSED_FUNCTION = YES;
				GCC_WARN_UNUSED_VARIABLE = YES;
				IPHONEOS_DEPLOYMENT_TARGET = 9.3;
				MTL_ENABLE_DEBUG_INFO = NO;
				SDKROOT = iphoneos;
				VALIDATE_PRODUCT = YES;
			};
			name = Release;
		};
		F52F77681D22F9F6009B45B4 /* Debug */ = {
			isa = XCBuildConfiguration;
			buildSettings = {
				ASSETCATALOG_COMPILER_APPICON_NAME = AppIcon;
				INFOPLIST_FILE = "Retro calculator/Info.plist";
				LD_RUNPATH_SEARCH_PATHS = "$(inherited) @executable_path/Frameworks";
				PRODUCT_BUNDLE_IDENTIFIER = "Code.Retro-calculator";
				PRODUCT_NAME = "$(TARGET_NAME)";
			};
			name = Debug;
		};
		F52F77691D22F9F6009B45B4 /* Release */ = {
			isa = XCBuildConfiguration;
			buildSettings = {
				ASSETCATALOG_COMPILER_APPICON_NAME = AppIcon;
				INFOPLIST_FILE = "Retro calculator/Info.plist";
				LD_RUNPATH_SEARCH_PATHS = "$(inherited) @executable_path/Frameworks";
				PRODUCT_BUNDLE_IDENTIFIER = "Code.Retro-calculator";
				PRODUCT_NAME = "$(TARGET_NAME)";
			};
			name = Release;
		};
		F52F776B1D22F9F6009B45B4 /* Debug */ = {
			isa = XCBuildConfiguration;
			buildSettings = {
				BUNDLE_LOADER = "$(TEST_HOST)";
				INFOPLIST_FILE = "Retro calculatorTests/Info.plist";
				LD_RUNPATH_SEARCH_PATHS = "$(inherited) @executable_path/Frameworks @loader_path/Frameworks";
				PRODUCT_BUNDLE_IDENTIFIER = "Code.Retro-calculatorTests";
				PRODUCT_NAME = "$(TARGET_NAME)";
				TEST_HOST = "$(BUILT_PRODUCTS_DIR)/Retro calculator.app/Retro calculator";
			};
			name = Debug;
		};
		F52F776C1D22F9F6009B45B4 /* Release */ = {
			isa = XCBuildConfiguration;
			buildSettings = {
				BUNDLE_LOADER = "$(TEST_HOST)";
				INFOPLIST_FILE = "Retro calculatorTests/Info.plist";
				LD_RUNPATH_SEARCH_PATHS = "$(inherited) @executable_path/Frameworks @loader_path/Frameworks";
				PRODUCT_BUNDLE_IDENTIFIER = "Code.Retro-calculatorTests";
				PRODUCT_NAME = "$(TARGET_NAME)";
				TEST_HOST = "$(BUILT_PRODUCTS_DIR)/Retro calculator.app/Retro calculator";
			};
			name = Release;
		};
		F52F776E1D22F9F6009B45B4 /* Debug */ = {
			isa = XCBuildConfiguration;
			buildSettings = {
				INFOPLIST_FILE = "Retro calculatorUITests/Info.plist";
				LD_RUNPATH_SEARCH_PATHS = "$(inherited) @executable_path/Frameworks @loader_path/Frameworks";
				PRODUCT_BUNDLE_IDENTIFIER = "Code.Retro-calculatorUITests";
				PRODUCT_NAME = "$(TARGET_NAME)";
				TEST_TARGET_NAME = "Retro calculator";
			};
			name = Debug;
		};
		F52F776F1D22F9F6009B45B4 /* Release */ = {
			isa = XCBuildConfiguration;
			buildSettings = {
				INFOPLIST_FILE = "Retro calculatorUITests/Info.plist";
				LD_RUNPATH_SEARCH_PATHS = "$(inherited) @executable_path/Frameworks @loader_path/Frameworks";
				PRODUCT_BUNDLE_IDENTIFIER = "Code.Retro-calculatorUITests";
				PRODUCT_NAME = "$(TARGET_NAME)";
				TEST_TARGET_NAME = "Retro calculator";
			};
			name = Release;
		};
/* End XCBuildConfiguration section */

/* Begin XCConfigurationList section */
		F52F773A1D22F9F6009B45B4 /* Build configuration list for PBXProject "Retro calculator" */ = {
			isa = XCConfigurationList;
			buildConfigurations = (
				F52F77651D22F9F6009B45B4 /* Debug */,
				F52F77661D22F9F6009B45B4 /* Release */,
			);
			defaultConfigurationIsVisible = 0;
			defaultConfigurationName = Release;
		};
		F52F77671D22F9F6009B45B4 /* Build configuration list for PBXNativeTarget "Retro calculator" */ = {
			isa = XCConfigurationList;
			buildConfigurations = (
				F52F77681D22F9F6009B45B4 /* Debug */,
				F52F77691D22F9F6009B45B4 /* Release */,
			);
			defaultConfigurationIsVisible = 0;
			defaultConfigurationName = Release;
		};
		F52F776A1D22F9F6009B45B4 /* Build configuration list for PBXNativeTarget "Retro calculatorTests" */ = {
			isa = XCConfigurationList;
			buildConfigurations = (
				F52F776B1D22F9F6009B45B4 /* Debug */,
				F52F776C1D22F9F6009B45B4 /* Release */,
			);
			defaultConfigurationIsVisible = 0;
			defaultConfigurationName = Release;
		};
		F52F776D1D22F9F6009B45B4 /* Build configuration list for PBXNativeTarget "Retro calculatorUITests" */ = {
			isa = XCConfigurationList;
			buildConfigurations = (
				F52F776E1D22F9F6009B45B4 /* Debug */,
				F52F776F1D22F9F6009B45B4 /* Release */,
			);
			defaultConfigurationIsVisible = 0;
			defaultConfigurationName = Release;
		};
/* End XCConfigurationList section */
	};
	rootObject = F52F77371D22F9F6009B45B4 /* Project object */;
}
